<?xml version="1.0" encoding="UTF-8" standalone="yes" ?>
<CodeBlocks_project_file>
	<FileVersion major="1" minor="6" />
	<Project>
		<Option title="BkEncyclopedia_v2" />
		<Option pch_mode="2" />
		<Option compiler="gcc" />
		<Build>
			<Target title="Debug">
				<Option output="bin/Debug/BkEncyclopedia_v2" prefix_auto="1" extension_auto="1" />
				<Option object_output="obj/Debug/" />
				<Option type="1" />
				<Option compiler="gcc" />
				<Compiler>
					<Add option="-g" />
				</Compiler>
			</Target>
			<Target title="Release">
				<Option output="bin/Release/BkEncyclopedia_v2" prefix_auto="1" extension_auto="1" />
				<Option object_output="obj/Release/" />
				<Option type="1" />
				<Option compiler="gcc" />
				<Compiler>
					<Add option="-O2" />
				</Compiler>
				<Linker>
					<Add option="-s" />
				</Linker>
			</Target>
		</Build>
		<Compiler>
			<Add option="-Wall" />
		</Compiler>
		<Unit filename="bk_string.c">
			<Option compilerVar="CC" />
		</Unit>
		<Unit filename="bk_string.h" />
		<Unit filename="bk_vector.c">
			<Option compilerVar="CC" />
		</Unit>
		<Unit filename="bk_vector.h" />
		<Unit filename="file_process.c">
			<Option compilerVar="CC" />
		</Unit>
		<Unit filename="file_process.h" />
		<Unit filename="load_category.c">
			<Option compilerVar="CC" />
		</Unit>
		<Unit filename="load_category.h" />
		<Unit filename="load_word.c">
			<Option compilerVar="CC" />
		</Unit>
		<Unit filename="load_word.h" />
		<Unit filename="main.c">
			<Option compilerVar="CC" />
		</Unit>
		<Unit filename="validate_input.c">
			<Option compilerVar="CC" />
		</Unit>
		<Unit filename="validate_input.h" />
		<Extensions>
			<code_completion />
			<envvars />
			<debugger />
			<lib_finder disable_auto="1" />
		</Extensions>
	</Project>
</CodeBlocks_project_file>
